
Microsoft Visual Studio Solution File, Format Version 12.00
# Visual Studio Version 17
VisualStudioVersion = 17.14.36327.8
MinimumVisualStudioVersion = 10.0.40219.1
Project("{FAE04EC0-301F-11D3-BF4B-00C04F79EFBC}") = "ClasesTP", "ClasesTP.csproj", "{2C33A0DE-8B94-4662-B3E1-293ADE96496A}"
EndProject
Project("{FAE04EC0-301F-11D3-BF4B-00C04F79EFBC}") = "FrontTP", "..\FrontTP\FrontTP.csproj", "{F4BF9499-748A-472D-AD3C-72C455256BEB}"
EndProject
Global
	GlobalSection(SolutionConfigurationPlatforms) = preSolution
		Debug|Any CPU = Debug|Any CPU
		Release|Any CPU = Release|Any CPU
	EndGlobalSection
	GlobalSection(ProjectConfigurationPlatforms) = postSolution
		{2C33A0DE-8B94-4662-B3E1-293ADE96496A}.Debug|Any CPU.ActiveCfg = Debug|Any CPU
		{2C33A0DE-8B94-4662-B3E1-293ADE96496A}.Debug|Any CPU.Build.0 = Debug|Any CPU
		{2C33A0DE-8B94-4662-B3E1-293ADE96496A}.Release|Any CPU.ActiveCfg = Release|Any CPU
		{2C33A0DE-8B94-4662-B3E1-293ADE96496A}.Release|Any CPU.Build.0 = Release|Any CPU
		{F4BF9499-748A-472D-AD3C-72C455256BEB}.Debug|Any CPU.ActiveCfg = Debug|Any CPU
		{F4BF9499-748A-472D-AD3C-72C455256BEB}.Debug|Any CPU.Build.0 = Debug|Any CPU
		{F4BF9499-748A-472D-AD3C-72C455256BEB}.Release|Any CPU.ActiveCfg = Release|Any CPU
		{F4BF9499-748A-472D-AD3C-72C455256BEB}.Release|Any CPU.Build.0 = Release|Any CPU
	EndGlobalSection
	GlobalSection(SolutionProperties) = preSolution
		HideSolutionNode = FALSE
	EndGlobalSection
	GlobalSection(ExtensibilityGlobals) = postSolution
		SolutionGuid = {C364BCBD-32C9-4700-947A-25D996206FBE}
	EndGlobalSection
EndGlobal
